
Microsoft Visual Studio Solution File, Format Version 12.00
Project("{FAE04EC0-301F-11D3-BF4B-00C04F79EFBC}") = "WorkerNode", "WorkerNode\WorkerNode.csproj", "{6D67AD97-7977-4453-ADC8-82C6257DEBE1}"
EndProject
Project("{FAE04EC0-301F-11D3-BF4B-00C04F79EFBC}") = "WorkDispatcherNode", "WorkDispatcherNode\WorkDispatcherNode.csproj", "{54B8AAB0-1F5E-4CD9-B301-82DCE5000DC8}"
EndProject
Project("{FAE04EC0-301F-11D3-BF4B-00C04F79EFBC}") = "Common", "Common\Common.csproj", "{27E915AE-4B32-487C-84D7-8CE5274BAA6F}"
EndProject
Project("{FAE04EC0-301F-11D3-BF4B-00C04F79EFBC}") = "WorkerSinkNode", "WorkerSinkNode\WorkerSinkNode.csproj", "{819A798D-D516-476F-85AA-24F4152BD890}"
EndProject
Project("{FAE04EC0-301F-11D3-BF4B-00C04F79EFBC}") = "HubNode", "HubNode\HubNode.csproj", "{20A4F384-5918-48CF-B2FB-347E28047A68}"
EndProject
Project("{FAE04EC0-301F-11D3-BF4B-00C04F79EFBC}") = "SubscriberNode", "SubscriberNode\SubscriberNode.csproj", "{0B4E60C2-4B9F-4490-B5FF-7E8F5EC5A47C}"
EndProject
Project("{FAE04EC0-301F-11D3-BF4B-00C04F79EFBC}") = "PublisherNode", "PublisherNode\PublisherNode.csproj", "{522D5AC5-5785-43B3-A1A1-5C7B5AE0F3E6}"
EndProject
Project("{2150E333-8FDC-42A3-9474-1A3956D46DE8}") = "Fundamental", "Fundamental", "{E4A500AF-15BF-4EF6-A7AD-DA6C0AE85820}"
EndProject
Project("{2150E333-8FDC-42A3-9474-1A3956D46DE8}") = "Service Discovery", "Service Discovery", "{5D461CB0-485D-4E3C-92BB-8462B4587D34}"
EndProject
Project("{FAE04EC0-301F-11D3-BF4B-00C04F79EFBC}") = "SelfRegisteringMasterNode", "SelfRegisteringMasterNode\SelfRegisteringMasterNode.csproj", "{BDE6A689-5BD5-4630-8939-577F73DA0FD5}"
EndProject
Project("{FAE04EC0-301F-11D3-BF4B-00C04F79EFBC}") = "SelfRegisteringWorkerNode", "SelfRegisteringWorkerNode\SelfRegisteringWorkerNode.csproj", "{2E2F76E8-A84A-420A-BE59-4C238A64BFD9}"
EndProject
Global
	GlobalSection(SolutionConfigurationPlatforms) = preSolution
		Debug|Any CPU = Debug|Any CPU
		Release|Any CPU = Release|Any CPU
	EndGlobalSection
	GlobalSection(ProjectConfigurationPlatforms) = postSolution
		{6D67AD97-7977-4453-ADC8-82C6257DEBE1}.Debug|Any CPU.ActiveCfg = Debug|Any CPU
		{6D67AD97-7977-4453-ADC8-82C6257DEBE1}.Debug|Any CPU.Build.0 = Debug|Any CPU
		{6D67AD97-7977-4453-ADC8-82C6257DEBE1}.Release|Any CPU.ActiveCfg = Release|Any CPU
		{6D67AD97-7977-4453-ADC8-82C6257DEBE1}.Release|Any CPU.Build.0 = Release|Any CPU
		{54B8AAB0-1F5E-4CD9-B301-82DCE5000DC8}.Debug|Any CPU.ActiveCfg = Debug|Any CPU
		{54B8AAB0-1F5E-4CD9-B301-82DCE5000DC8}.Debug|Any CPU.Build.0 = Debug|Any CPU
		{54B8AAB0-1F5E-4CD9-B301-82DCE5000DC8}.Release|Any CPU.ActiveCfg = Release|Any CPU
		{54B8AAB0-1F5E-4CD9-B301-82DCE5000DC8}.Release|Any CPU.Build.0 = Release|Any CPU
		{27E915AE-4B32-487C-84D7-8CE5274BAA6F}.Debug|Any CPU.ActiveCfg = Debug|Any CPU
		{27E915AE-4B32-487C-84D7-8CE5274BAA6F}.Debug|Any CPU.Build.0 = Debug|Any CPU
		{27E915AE-4B32-487C-84D7-8CE5274BAA6F}.Release|Any CPU.ActiveCfg = Release|Any CPU
		{27E915AE-4B32-487C-84D7-8CE5274BAA6F}.Release|Any CPU.Build.0 = Release|Any CPU
		{819A798D-D516-476F-85AA-24F4152BD890}.Debug|Any CPU.ActiveCfg = Debug|Any CPU
		{819A798D-D516-476F-85AA-24F4152BD890}.Debug|Any CPU.Build.0 = Debug|Any CPU
		{819A798D-D516-476F-85AA-24F4152BD890}.Release|Any CPU.ActiveCfg = Release|Any CPU
		{819A798D-D516-476F-85AA-24F4152BD890}.Release|Any CPU.Build.0 = Release|Any CPU
		{20A4F384-5918-48CF-B2FB-347E28047A68}.Debug|Any CPU.ActiveCfg = Debug|Any CPU
		{20A4F384-5918-48CF-B2FB-347E28047A68}.Debug|Any CPU.Build.0 = Debug|Any CPU
		{20A4F384-5918-48CF-B2FB-347E28047A68}.Release|Any CPU.ActiveCfg = Release|Any CPU
		{20A4F384-5918-48CF-B2FB-347E28047A68}.Release|Any CPU.Build.0 = Release|Any CPU
		{0B4E60C2-4B9F-4490-B5FF-7E8F5EC5A47C}.Debug|Any CPU.ActiveCfg = Debug|Any CPU
		{0B4E60C2-4B9F-4490-B5FF-7E8F5EC5A47C}.Debug|Any CPU.Build.0 = Debug|Any CPU
		{0B4E60C2-4B9F-4490-B5FF-7E8F5EC5A47C}.Release|Any CPU.ActiveCfg = Release|Any CPU
		{0B4E60C2-4B9F-4490-B5FF-7E8F5EC5A47C}.Release|Any CPU.Build.0 = Release|Any CPU
		{522D5AC5-5785-43B3-A1A1-5C7B5AE0F3E6}.Debug|Any CPU.ActiveCfg = Debug|Any CPU
		{522D5AC5-5785-43B3-A1A1-5C7B5AE0F3E6}.Debug|Any CPU.Build.0 = Debug|Any CPU
		{522D5AC5-5785-43B3-A1A1-5C7B5AE0F3E6}.Release|Any CPU.ActiveCfg = Release|Any CPU
		{522D5AC5-5785-43B3-A1A1-5C7B5AE0F3E6}.Release|Any CPU.Build.0 = Release|Any CPU
		{BDE6A689-5BD5-4630-8939-577F73DA0FD5}.Debug|Any CPU.ActiveCfg = Debug|Any CPU
		{BDE6A689-5BD5-4630-8939-577F73DA0FD5}.Debug|Any CPU.Build.0 = Debug|Any CPU
		{BDE6A689-5BD5-4630-8939-577F73DA0FD5}.Release|Any CPU.ActiveCfg = Release|Any CPU
		{BDE6A689-5BD5-4630-8939-577F73DA0FD5}.Release|Any CPU.Build.0 = Release|Any CPU
		{2E2F76E8-A84A-420A-BE59-4C238A64BFD9}.Debug|Any CPU.ActiveCfg = Debug|Any CPU
		{2E2F76E8-A84A-420A-BE59-4C238A64BFD9}.Debug|Any CPU.Build.0 = Debug|Any CPU
		{2E2F76E8-A84A-420A-BE59-4C238A64BFD9}.Release|Any CPU.ActiveCfg = Release|Any CPU
		{2E2F76E8-A84A-420A-BE59-4C238A64BFD9}.Release|Any CPU.Build.0 = Release|Any CPU
	EndGlobalSection
	GlobalSection(NestedProjects) = preSolution
		{522D5AC5-5785-43B3-A1A1-5C7B5AE0F3E6} = {E4A500AF-15BF-4EF6-A7AD-DA6C0AE85820}
		{0B4E60C2-4B9F-4490-B5FF-7E8F5EC5A47C} = {E4A500AF-15BF-4EF6-A7AD-DA6C0AE85820}
		{54B8AAB0-1F5E-4CD9-B301-82DCE5000DC8} = {E4A500AF-15BF-4EF6-A7AD-DA6C0AE85820}
		{6D67AD97-7977-4453-ADC8-82C6257DEBE1} = {E4A500AF-15BF-4EF6-A7AD-DA6C0AE85820}
		{819A798D-D516-476F-85AA-24F4152BD890} = {E4A500AF-15BF-4EF6-A7AD-DA6C0AE85820}
		{20A4F384-5918-48CF-B2FB-347E28047A68} = {E4A500AF-15BF-4EF6-A7AD-DA6C0AE85820}
		{BDE6A689-5BD5-4630-8939-577F73DA0FD5} = {5D461CB0-485D-4E3C-92BB-8462B4587D34}
		{2E2F76E8-A84A-420A-BE59-4C238A64BFD9} = {5D461CB0-485D-4E3C-92BB-8462B4587D34}
	EndGlobalSection
EndGlobal
